
Microsoft Visual Studio Solution File, Format Version 12.00
# Visual Studio 15
VisualStudioVersion = 15.0.26228.4
MinimumVisualStudioVersion = 10.0.40219.1
Project("{FAE04EC0-301F-11D3-BF4B-00C04F79EFBC}") = "Twixel", "Twixel\Twixel.csproj", "{DFD0DB77-DBC7-4B79-8747-F9CAF6274DBE}"
EndProject
Project("{FAE04EC0-301F-11D3-BF4B-00C04F79EFBC}") = "Twixel.Tests", "Twixel.Tests\Twixel.Tests.csproj", "{F7330052-1CA3-4B82-BC2A-3C962FD243B9}"
EndProject
Project("{9A19103F-16F7-4668-BE54-9A1E7A4F7556}") = "golf1052.Trexler", "..\Trexler\golf1052.Trexler\golf1052.Trexler.csproj", "{C9978181-B464-49F7-8FAB-6CA89B4293BB}"
EndProject
Global
	GlobalSection(SolutionConfigurationPlatforms) = preSolution
		Debug|Any CPU = Debug|Any CPU
		Debug|ARM = Debug|ARM
		Debug|x64 = Debug|x64
		Debug|x86 = Debug|x86
		Release|Any CPU = Release|Any CPU
		Release|ARM = Release|ARM
		Release|x64 = Release|x64
		Release|x86 = Release|x86
	EndGlobalSection
	GlobalSection(ProjectConfigurationPlatforms) = postSolution
		{DFD0DB77-DBC7-4B79-8747-F9CAF6274DBE}.Debug|Any CPU.ActiveCfg = Debug|Any CPU
		{DFD0DB77-DBC7-4B79-8747-F9CAF6274DBE}.Debug|Any CPU.Build.0 = Debug|Any CPU
		{DFD0DB77-DBC7-4B79-8747-F9CAF6274DBE}.Debug|ARM.ActiveCfg = Debug|Any CPU
		{DFD0DB77-DBC7-4B79-8747-F9CAF6274DBE}.Debug|x64.ActiveCfg = Debug|Any CPU
		{DFD0DB77-DBC7-4B79-8747-F9CAF6274DBE}.Debug|x86.ActiveCfg = Debug|Any CPU
		{DFD0DB77-DBC7-4B79-8747-F9CAF6274DBE}.Release|Any CPU.ActiveCfg = Release|Any CPU
		{DFD0DB77-DBC7-4B79-8747-F9CAF6274DBE}.Release|Any CPU.Build.0 = Release|Any CPU
		{DFD0DB77-DBC7-4B79-8747-F9CAF6274DBE}.Release|ARM.ActiveCfg = Release|Any CPU
		{DFD0DB77-DBC7-4B79-8747-F9CAF6274DBE}.Release|x64.ActiveCfg = Release|Any CPU
		{DFD0DB77-DBC7-4B79-8747-F9CAF6274DBE}.Release|x86.ActiveCfg = Release|Any CPU
		{F7330052-1CA3-4B82-BC2A-3C962FD243B9}.Debug|Any CPU.ActiveCfg = Debug|Any CPU
		{F7330052-1CA3-4B82-BC2A-3C962FD243B9}.Debug|Any CPU.Build.0 = Debug|Any CPU
		{F7330052-1CA3-4B82-BC2A-3C962FD243B9}.Debug|ARM.ActiveCfg = Debug|Any CPU
		{F7330052-1CA3-4B82-BC2A-3C962FD243B9}.Debug|x64.ActiveCfg = Debug|Any CPU
		{F7330052-1CA3-4B82-BC2A-3C962FD243B9}.Debug|x86.ActiveCfg = Debug|Any CPU
		{F7330052-1CA3-4B82-BC2A-3C962FD243B9}.Release|Any CPU.ActiveCfg = Release|Any CPU
		{F7330052-1CA3-4B82-BC2A-3C962FD243B9}.Release|Any CPU.Build.0 = Release|Any CPU
		{F7330052-1CA3-4B82-BC2A-3C962FD243B9}.Release|ARM.ActiveCfg = Release|Any CPU
		{F7330052-1CA3-4B82-BC2A-3C962FD243B9}.Release|x64.ActiveCfg = Release|Any CPU
		{F7330052-1CA3-4B82-BC2A-3C962FD243B9}.Release|x86.ActiveCfg = Release|Any CPU
		{C9978181-B464-49F7-8FAB-6CA89B4293BB}.Debug|Any CPU.ActiveCfg = Debug|Any CPU
		{C9978181-B464-49F7-8FAB-6CA89B4293BB}.Debug|Any CPU.Build.0 = Debug|Any CPU
		{C9978181-B464-49F7-8FAB-6CA89B4293BB}.Debug|ARM.ActiveCfg = Debug|Any CPU
		{C9978181-B464-49F7-8FAB-6CA89B4293BB}.Debug|ARM.Build.0 = Debug|Any CPU
		{C9978181-B464-49F7-8FAB-6CA89B4293BB}.Debug|x64.ActiveCfg = Debug|Any CPU
		{C9978181-B464-49F7-8FAB-6CA89B4293BB}.Debug|x64.Build.0 = Debug|Any CPU
		{C9978181-B464-49F7-8FAB-6CA89B4293BB}.Debug|x86.ActiveCfg = Debug|Any CPU
		{C9978181-B464-49F7-8FAB-6CA89B4293BB}.Debug|x86.Build.0 = Debug|Any CPU
		{C9978181-B464-49F7-8FAB-6CA89B4293BB}.Release|Any CPU.ActiveCfg = Release|Any CPU
		{C9978181-B464-49F7-8FAB-6CA89B4293BB}.Release|Any CPU.Build.0 = Release|Any CPU
		{C9978181-B464-49F7-8FAB-6CA89B4293BB}.Release|ARM.ActiveCfg = Release|Any CPU
		{C9978181-B464-49F7-8FAB-6CA89B4293BB}.Release|ARM.Build.0 = Release|Any CPU
		{C9978181-B464-49F7-8FAB-6CA89B4293BB}.Release|x64.ActiveCfg = Release|Any CPU
		{C9978181-B464-49F7-8FAB-6CA89B4293BB}.Release|x64.Build.0 = Release|Any CPU
		{C9978181-B464-49F7-8FAB-6CA89B4293BB}.Release|x86.ActiveCfg = Release|Any CPU
		{C9978181-B464-49F7-8FAB-6CA89B4293BB}.Release|x86.Build.0 = Release|Any CPU
	EndGlobalSection
	GlobalSection(SolutionProperties) = preSolution
		HideSolutionNode = FALSE
	EndGlobalSection
EndGlobal
